
Microsoft Visual Studio Solution File, Format Version 12.00
# Visual Studio 2012
Project("{FAE04EC0-301F-11D3-BF4B-00C04F79EFBC}") = "Ubiety.Dns", "Ubiety.Dns\Ubiety.Dns.csproj", "{75311830-FF24-4550-BFD7-DAAD77506C69}"
EndProject
Project("{FAE04EC0-301F-11D3-BF4B-00C04F79EFBC}") = "DnsTest", "DnsTest\DnsTest.csproj", "{BAEE8993-6E90-4DB3-A7FC-527271EFB67E}"
EndProject
Global
	GlobalSection(SolutionConfigurationPlatforms) = preSolution
		Debug|Any CPU = Debug|Any CPU
		Release|Any CPU = Release|Any CPU
	EndGlobalSection
	GlobalSection(ProjectConfigurationPlatforms) = postSolution
		{75311830-FF24-4550-BFD7-DAAD77506C69}.Debug|Any CPU.ActiveCfg = Debug|Any CPU
		{75311830-FF24-4550-BFD7-DAAD77506C69}.Debug|Any CPU.Build.0 = Debug|Any CPU
		{75311830-FF24-4550-BFD7-DAAD77506C69}.Release|Any CPU.ActiveCfg = Release|Any CPU
		{75311830-FF24-4550-BFD7-DAAD77506C69}.Release|Any CPU.Build.0 = Release|Any CPU
		{BAEE8993-6E90-4DB3-A7FC-527271EFB67E}.Debug|Any CPU.ActiveCfg = Debug|Any CPU
		{BAEE8993-6E90-4DB3-A7FC-527271EFB67E}.Debug|Any CPU.Build.0 = Debug|Any CPU
		{BAEE8993-6E90-4DB3-A7FC-527271EFB67E}.Release|Any CPU.ActiveCfg = Release|Any CPU
		{BAEE8993-6E90-4DB3-A7FC-527271EFB67E}.Release|Any CPU.Build.0 = Release|Any CPU
	EndGlobalSection
EndGlobal
